{
  "version": 4,
  "terraform_version": "0.12.28",
  "serial": 24,
  "lineage": "b0947a5b-4d23-82ba-be38-acc663f022a9",
  "outputs": {},
  "resources": [
    {
      "mode": "managed",
      "type": "aws_vpc",
      "name": "terraform_vpc_code_test",
      "provider": "provider.aws",
      "instances": [
        {
          "schema_version": 1,
          "attributes": {
            "arn": "arn:aws:ec2:eu-west-1:135928476890:vpc/vpc-016a2cd6b174ca493",
            "assign_generated_ipv6_cidr_block": false,
            "cidr_block": "10.0.0.0/16",
            "default_network_acl_id": "acl-05155776d7cf094a4",
            "default_route_table_id": "rtb-0e8e062e5513bd088",
            "default_security_group_id": "sg-0a891675d7ef92899",
            "dhcp_options_id": "dopt-18d5d77d",
            "enable_classiclink": false,
            "enable_classiclink_dns_support": false,
            "enable_dns_hostnames": false,
            "enable_dns_support": true,
            "id": "vpc-016a2cd6b174ca493",
            "instance_tenancy": "default",
            "ipv6_association_id": "",
            "ipv6_cidr_block": "",
            "main_route_table_id": "rtb-0e8e062e5513bd088",
            "owner_id": "135928476890",
            "tags": {
              "Name": "shahrukh_terraform_vpc_code_test"
            },
            "tags_all": {
              "Name": "shahrukh_terraform_vpc_code_test"
            }
          },
          "private": "eyJzY2hlbWFfdmVyc2lvbiI6IjEifQ=="
        }
      ]
    }
  ]
}
